
Microsoft Visual Studio Solution File, Format Version 12.00
# Visual Studio 15
VisualStudioVersion = 15.0.27130.2010
MinimumVisualStudioVersion = 10.0.40219.1
Project("{FAE04EC0-301F-11D3-BF4B-00C04F79EFBC}") = "ConsoleApp2", "ConsoleApp2.csproj", "{347B0599-D6B3-440A-A695-C39E2FFDF5F1}"
EndProject
Global
	GlobalSection(SolutionConfigurationPlatforms) = preSolution
		Debug|Any CPU = Debug|Any CPU
		Release|Any CPU = Release|Any CPU
	EndGlobalSection
	GlobalSection(ProjectConfigurationPlatforms) = postSolution
		{347B0599-D6B3-440A-A695-C39E2FFDF5F1}.Debug|Any CPU.ActiveCfg = Debug|Any CPU
		{347B0599-D6B3-440A-A695-C39E2FFDF5F1}.Debug|Any CPU.Build.0 = Debug|Any CPU
		{347B0599-D6B3-440A-A695-C39E2FFDF5F1}.Release|Any CPU.ActiveCfg = Release|Any CPU
		{347B0599-D6B3-440A-A695-C39E2FFDF5F1}.Release|Any CPU.Build.0 = Release|Any CPU
	EndGlobalSection
	GlobalSection(SolutionProperties) = preSolution
		HideSolutionNode = FALSE
	EndGlobalSection
	GlobalSection(ExtensibilityGlobals) = postSolution
		SolutionGuid = {806094EF-970D-4CEF-AC3B-84090538707C}
	EndGlobalSection
EndGlobal
